{
  "name": "lgtv-alexa-skill",
  "version": "1.0.1",
  "lockfileVersion": 3,
  "requires": true,
  "packages": {
    "": {
      "version": "1.0.1",
      "license": "MIT",
      "dependencies": {
        "lgtv2": "^1.4.1",
        "node-fauxmo": "0.0.7",
        "node-wol": "^0.1.1",
        "npm-check-updates": "^17.1.14",
        "websocket": "^1.0.30"
      }
    },
    "node_modules/debug": {
      "version": "2.6.9",
      "resolved": "https://registry.npmjs.org/debug/-/debug-2.6.9.tgz",
      "integrity": "sha512-bC7ElrdJaJnPbAP+1EotYvqZsb3ecl5wi6Bfi6BJTUcNowp6cvspg0jXznRTKDjm/E7AdgFBVeAPVMNcKGsHMA==",
      "dependencies": {
        "ms": "2.0.0"
      }
    },
    "node_modules/ip": {
      "version": "1.1.5",
      "resolved": "https://registry.npmjs.org/ip/-/ip-1.1.5.tgz",
      "integrity": "sha1-vd7XARQpCCjAoDnnLvJfWq7ENUo="
    },
    "node_modules/is-typedarray": {
      "version": "1.0.0",
      "resolved": "https://registry.npmjs.org/is-typedarray/-/is-typedarray-1.0.0.tgz",
      "integrity": "sha1-5HnICFjfDBsR3dppQPlgEfzaSpo="
    },
    "node_modules/lgtv2": {
      "version": "1.4.1",
      "resolved": "https://registry.npmjs.org/lgtv2/-/lgtv2-1.4.1.tgz",
      "integrity": "sha1-9Fqs9peGLSvFcvrzSvixRN7CncM=",
      "dependencies": {
        "mkdirp": "^0.5.1",
        "persist-path": "^1.0.2",
        "websocket": "^1.0.24"
      }
    },
    "node_modules/minimist": {
      "version": "0.0.8",
      "resolved": "https://registry.npmjs.org/minimist/-/minimist-0.0.8.tgz",
      "integrity": "sha1-hX/Kv8M5fSYluCKCYuhqp6ARsF0="
    },
    "node_modules/mkdirp": {
      "version": "0.5.1",
      "resolved": "https://registry.npmjs.org/mkdirp/-/mkdirp-0.5.1.tgz",
      "integrity": "sha1-MAV0OOrGz3+MR2fzhkjWaX11yQM=",
      "deprecated": "Legacy versions of mkdirp are no longer supported. Please update to mkdirp 1.x. (Note that the API surface has changed to use Promises in 1.x.)",
      "dependencies": {
        "minimist": "0.0.8"
      },
      "bin": {
        "mkdirp": "bin/cmd.js"
      }
    },
    "node_modules/moment": {
      "version": "2.29.4",
      "resolved": "https://registry.npmjs.org/moment/-/moment-2.29.4.tgz",
      "integrity": "sha512-5LC9SOxjSc2HF6vO2CyuTDNivEdoz2IvyJJGj6X8DJ0eFyfszE0QiEd+iXmBvUP3WHxSjFH/vIsA0EN00cgr8w==",
      "engines": {
        "node": "*"
      }
    },
    "node_modules/ms": {
      "version": "2.0.0",
      "resolved": "https://registry.npmjs.org/ms/-/ms-2.0.0.tgz",
      "integrity": "sha1-VgiurfwAvmwpAd9fmGF4jeDVl8g="
    },
    "node_modules/nan": {
      "version": "2.14.0",
      "resolved": "https://registry.npmjs.org/nan/-/nan-2.14.0.tgz",
      "integrity": "sha512-INOFj37C7k3AfaNTtX8RhsTw7qRy7eLET14cROi9+5HAVbbHuIWUHEauBv5qT4Av2tWasiTY1Jw6puUNqRJXQg=="
    },
    "node_modules/node-fauxmo": {
      "version": "0.0.7",
      "resolved": "https://registry.npmjs.org/node-fauxmo/-/node-fauxmo-0.0.7.tgz",
      "integrity": "sha512-I30gYxdu5VpA20gHjjyfUSH6P9IXj1rnMu+wgtwZakgkYfHQ2hzUpGjfDyUViCTSHO4G17p0LdrnRnvWAKPQ6w==",
      "dependencies": {
        "ip": "^1.1.5",
        "moment": "^2.23.0"
      }
    },
    "node_modules/node-wol": {
      "version": "0.1.1",
      "resolved": "https://registry.npmjs.org/node-wol/-/node-wol-0.1.1.tgz",
      "integrity": "sha1-m+F/6LeZxeAKaq1ciTb0NoTl6D0="
    },
    "node_modules/npm-check-updates": {
      "version": "17.1.14",
      "resolved": "https://registry.npmjs.org/npm-check-updates/-/npm-check-updates-17.1.14.tgz",
      "integrity": "sha512-dr4bXIxETubLI1tFGeock5hN8yVjahvaVpx+lPO4/O2md3zJuxB7FgH3MIoTvQSCgsgkIRpe0skti01IEAA5tA==",
      "license": "Apache-2.0",
      "bin": {
        "ncu": "build/cli.js",
        "npm-check-updates": "build/cli.js"
      },
      "engines": {
        "node": "^18.18.0 || >=20.0.0",
        "npm": ">=8.12.1"
      }
    },
    "node_modules/persist-path": {
      "version": "1.0.2",
      "resolved": "https://registry.npmjs.org/persist-path/-/persist-path-1.0.2.tgz",
      "integrity": "sha1-t7lHU2W1zPA4qvpVrxKw3YxBjXo="
    },
    "node_modules/typedarray-to-buffer": {
      "version": "3.1.5",
      "resolved": "https://registry.npmjs.org/typedarray-to-buffer/-/typedarray-to-buffer-3.1.5.tgz",
      "integrity": "sha512-zdu8XMNEDepKKR+XYOXAVPtWui0ly0NtohUscw+UmaHiAWT8hrV1rr//H6V+0DvJ3OQ19S979M0laLfX8rm82Q==",
      "dependencies": {
        "is-typedarray": "^1.0.0"
      }
    },
    "node_modules/websocket": {
      "version": "1.0.30",
      "resolved": "https://registry.npmjs.org/websocket/-/websocket-1.0.30.tgz",
      "integrity": "sha512-aO6klgaTdSMkhfl5VVJzD5fm+Srhh5jLYbS15+OiI1sN6h/RU/XW6WN9J1uVIpUKNmsTvT3Hs35XAFjn9NMfOw==",
      "hasInstallScript": true,
      "dependencies": {
        "debug": "^2.2.0",
        "nan": "^2.14.0",
        "typedarray-to-buffer": "^3.1.5",
        "yaeti": "^0.0.6"
      },
      "engines": {
        "node": ">=0.10.0"
      }
    },
    "node_modules/yaeti": {
      "version": "0.0.6",
      "resolved": "https://registry.npmjs.org/yaeti/-/yaeti-0.0.6.tgz",
      "integrity": "sha1-8m9ITXJoTPQr7ft2lwqhYI+/lXc=",
      "engines": {
        "node": ">=0.10.32"
      }
    }
  }
}
